// !$*UTF8*$!
{
	archiveVersion = 1;
	classes = {
	};
	objectVersion = 52;
	objects = {

/* Begin PBXBuildFile section */
		7A541C7B25BE21E200DB5FC2 /* AppFlowCoordinator.swift in Sources */ = {isa = PBXBuildFile; fileRef = 7A541C7A25BE21E200DB5FC2 /* AppFlowCoordinator.swift */; };
		7A541C9625BE235600DB5FC2 /* BogusApp-Common-UIComponents-tvOS in Frameworks */ = {isa = PBXBuildFile; productRef = 7A541C9525BE235600DB5FC2 /* BogusApp-Common-UIComponents-tvOS */; };
		7A6E9E8825BE0348001BA5C4 /* AppDelegate.swift in Sources */ = {isa = PBXBuildFile; fileRef = 7A6E9E8725BE0348001BA5C4 /* AppDelegate.swift */; };
		7A6E9E8D25BE0348001BA5C4 /* Main.storyboard in Resources */ = {isa = PBXBuildFile; fileRef = 7A6E9E8B25BE0348001BA5C4 /* Main.storyboard */; };
		7A6E9E8F25BE0348001BA5C4 /* Assets.xcassets in Resources */ = {isa = PBXBuildFile; fileRef = 7A6E9E8E25BE0348001BA5C4 /* Assets.xcassets */; };
		7A6E9E9225BE0348001BA5C4 /* LaunchScreen.storyboard in Resources */ = {isa = PBXBuildFile; fileRef = 7A6E9E9025BE0348001BA5C4 /* LaunchScreen.storyboard */; };
		7A6E9E9D25BE0348001BA5C4 /* BogusTVTests.swift in Sources */ = {isa = PBXBuildFile; fileRef = 7A6E9E9C25BE0348001BA5C4 /* BogusTVTests.swift */; };
		7A6E9EA825BE0349001BA5C4 /* BogusTVUITests.swift in Sources */ = {isa = PBXBuildFile; fileRef = 7A6E9EA725BE0349001BA5C4 /* BogusTVUITests.swift */; };
/* End PBXBuildFile section */

/* Begin PBXContainerItemProxy section */
		7A6E9E9925BE0348001BA5C4 /* PBXContainerItemProxy */ = {
			isa = PBXContainerItemProxy;
			containerPortal = 7A6E9E7C25BE0348001BA5C4 /* Project object */;
			proxyType = 1;
			remoteGlobalIDString = 7A6E9E8325BE0348001BA5C4;
			remoteInfo = BogusTV;
		};
		7A6E9EA425BE0349001BA5C4 /* PBXContainerItemProxy */ = {
			isa = PBXContainerItemProxy;
			containerPortal = 7A6E9E7C25BE0348001BA5C4 /* Project object */;
			proxyType = 1;
			remoteGlobalIDString = 7A6E9E8325BE0348001BA5C4;
			remoteInfo = BogusTV;
		};
/* End PBXContainerItemProxy section */

/* Begin PBXFileReference section */
		7A541C7A25BE21E200DB5FC2 /* AppFlowCoordinator.swift */ = {isa = PBXFileReference; lastKnownFileType = sourcecode.swift; path = AppFlowCoordinator.swift; sourceTree = "<group>"; };
		7A6E9E8425BE0348001BA5C4 /* BogusTV.app */ = {isa = PBXFileReference; explicitFileType = wrapper.application; includeInIndex = 0; path = BogusTV.app; sourceTree = BUILT_PRODUCTS_DIR; };
		7A6E9E8725BE0348001BA5C4 /* AppDelegate.swift */ = {isa = PBXFileReference; lastKnownFileType = sourcecode.swift; path = AppDelegate.swift; sourceTree = "<group>"; };
		7A6E9E8C25BE0348001BA5C4 /* Base */ = {isa = PBXFileReference; lastKnownFileType = file.storyboard; name = Base; path = Base.lproj/Main.storyboard; sourceTree = "<group>"; };
		7A6E9E8E25BE0348001BA5C4 /* Assets.xcassets */ = {isa = PBXFileReference; lastKnownFileType = folder.assetcatalog; path = Assets.xcassets; sourceTree = "<group>"; };
		7A6E9E9125BE0348001BA5C4 /* Base */ = {isa = PBXFileReference; lastKnownFileType = file.storyboard; name = Base; path = Base.lproj/LaunchScreen.storyboard; sourceTree = "<group>"; };
		7A6E9E9325BE0348001BA5C4 /* Info.plist */ = {isa = PBXFileReference; lastKnownFileType = text.plist.xml; path = Info.plist; sourceTree = "<group>"; };
		7A6E9E9825BE0348001BA5C4 /* BogusTVTests.xctest */ = {isa = PBXFileReference; explicitFileType = wrapper.cfbundle; includeInIndex = 0; path = BogusTVTests.xctest; sourceTree = BUILT_PRODUCTS_DIR; };
		7A6E9E9C25BE0348001BA5C4 /* BogusTVTests.swift */ = {isa = PBXFileReference; lastKnownFileType = sourcecode.swift; path = BogusTVTests.swift; sourceTree = "<group>"; };
		7A6E9E9E25BE0349001BA5C4 /* Info.plist */ = {isa = PBXFileReference; lastKnownFileType = text.plist.xml; path = Info.plist; sourceTree = "<group>"; };
		7A6E9EA325BE0349001BA5C4 /* BogusTVUITests.xctest */ = {isa = PBXFileReference; explicitFileType = wrapper.cfbundle; includeInIndex = 0; path = BogusTVUITests.xctest; sourceTree = BUILT_PRODUCTS_DIR; };
		7A6E9EA725BE0349001BA5C4 /* BogusTVUITests.swift */ = {isa = PBXFileReference; lastKnownFileType = sourcecode.swift; path = BogusTVUITests.swift; sourceTree = "<group>"; };
		7A6E9EA925BE0349001BA5C4 /* Info.plist */ = {isa = PBXFileReference; lastKnownFileType = text.plist.xml; path = Info.plist; sourceTree = "<group>"; };
/* End PBXFileReference section */

/* Begin PBXFrameworksBuildPhase section */
		7A6E9E8125BE0348001BA5C4 /* Frameworks */ = {
			isa = PBXFrameworksBuildPhase;
			buildActionMask = 2147483647;
			files = (
				7A541C9625BE235600DB5FC2 /* BogusApp-Common-UIComponents-tvOS in Frameworks */,
			);
			runOnlyForDeploymentPostprocessing = 0;
		};
		7A6E9E9525BE0348001BA5C4 /* Frameworks */ = {
			isa = PBXFrameworksBuildPhase;
			buildActionMask = 2147483647;
			files = (
			);
			runOnlyForDeploymentPostprocessing = 0;
		};
		7A6E9EA025BE0349001BA5C4 /* Frameworks */ = {
			isa = PBXFrameworksBuildPhase;
			buildActionMask = 2147483647;
			files = (
			);
			runOnlyForDeploymentPostprocessing = 0;
		};
/* End PBXFrameworksBuildPhase section */

/* Begin PBXGroup section */
		7A541C8225BE224100DB5FC2 /* Supporting Files */ = {
			isa = PBXGroup;
			children = (
				7A6E9E8725BE0348001BA5C4 /* AppDelegate.swift */,
				7A6E9E8B25BE0348001BA5C4 /* Main.storyboard */,
				7A6E9E8E25BE0348001BA5C4 /* Assets.xcassets */,
				7A6E9E9025BE0348001BA5C4 /* LaunchScreen.storyboard */,
				7A6E9E9325BE0348001BA5C4 /* Info.plist */,
			);
			path = "Supporting Files";
			sourceTree = "<group>";
		};
		7A6E9E7B25BE0348001BA5C4 = {
			isa = PBXGroup;
			children = (
				7A6E9E8625BE0348001BA5C4 /* BogusTV */,
				7A6E9E9B25BE0348001BA5C4 /* BogusTVTests */,
				7A6E9EA625BE0349001BA5C4 /* BogusTVUITests */,
				7A6E9E8525BE0348001BA5C4 /* Products */,
			);
			sourceTree = "<group>";
		};
		7A6E9E8525BE0348001BA5C4 /* Products */ = {
			isa = PBXGroup;
			children = (
				7A6E9E8425BE0348001BA5C4 /* BogusTV.app */,
				7A6E9E9825BE0348001BA5C4 /* BogusTVTests.xctest */,
				7A6E9EA325BE0349001BA5C4 /* BogusTVUITests.xctest */,
			);
			name = Products;
			sourceTree = "<group>";
		};
		7A6E9E8625BE0348001BA5C4 /* BogusTV */ = {
			isa = PBXGroup;
			children = (
				7A541C7A25BE21E200DB5FC2 /* AppFlowCoordinator.swift */,
				7A541C8225BE224100DB5FC2 /* Supporting Files */,
			);
			path = BogusTV;
			sourceTree = "<group>";
		};
		7A6E9E9B25BE0348001BA5C4 /* BogusTVTests */ = {
			isa = PBXGroup;
			children = (
				7A6E9E9C25BE0348001BA5C4 /* BogusTVTests.swift */,
				7A6E9E9E25BE0349001BA5C4 /* Info.plist */,
			);
			path = BogusTVTests;
			sourceTree = "<group>";
		};
		7A6E9EA625BE0349001BA5C4 /* BogusTVUITests */ = {
			isa = PBXGroup;
			children = (
				7A6E9EA725BE0349001BA5C4 /* BogusTVUITests.swift */,
				7A6E9EA925BE0349001BA5C4 /* Info.plist */,
			);
			path = BogusTVUITests;
			sourceTree = "<group>";
		};
/* End PBXGroup section */

/* Begin PBXNativeTarget section */
		7A6E9E8325BE0348001BA5C4 /* BogusTV */ = {
			isa = PBXNativeTarget;
			buildConfigurationList = 7A6E9EAC25BE0349001BA5C4 /* Build configuration list for PBXNativeTarget "BogusTV" */;
			buildPhases = (
				7A6E9E8025BE0348001BA5C4 /* Sources */,
				7A6E9E8125BE0348001BA5C4 /* Frameworks */,
				7A6E9E8225BE0348001BA5C4 /* Resources */,
			);
			buildRules = (
			);
			dependencies = (
			);
			name = BogusTV;
			packageProductDependencies = (
				7A541C9525BE235600DB5FC2 /* BogusApp-Common-UIComponents-tvOS */,
			);
			productName = BogusTV;
			productReference = 7A6E9E8425BE0348001BA5C4 /* BogusTV.app */;
			productType = "com.apple.product-type.application";
		};
		7A6E9E9725BE0348001BA5C4 /* BogusTVTests */ = {
			isa = PBXNativeTarget;
			buildConfigurationList = 7A6E9EAF25BE0349001BA5C4 /* Build configuration list for PBXNativeTarget "BogusTVTests" */;
			buildPhases = (
				7A6E9E9425BE0348001BA5C4 /* Sources */,
				7A6E9E9525BE0348001BA5C4 /* Frameworks */,
				7A6E9E9625BE0348001BA5C4 /* Resources */,
			);
			buildRules = (
			);
			dependencies = (
				7A6E9E9A25BE0348001BA5C4 /* PBXTargetDependency */,
			);
			name = BogusTVTests;
			productName = BogusTVTests;
			productReference = 7A6E9E9825BE0348001BA5C4 /* BogusTVTests.xctest */;
			productType = "com.apple.product-type.bundle.unit-test";
		};
		7A6E9EA225BE0349001BA5C4 /* BogusTVUITests */ = {
			isa = PBXNativeTarget;
			buildConfigurationList = 7A6E9EB225BE0349001BA5C4 /* Build configuration list for PBXNativeTarget "BogusTVUITests" */;
			buildPhases = (
				7A6E9E9F25BE0349001BA5C4 /* Sources */,
				7A6E9EA025BE0349001BA5C4 /* Frameworks */,
				7A6E9EA125BE0349001BA5C4 /* Resources */,
			);
			buildRules = (
			);
			dependencies = (
				7A6E9EA525BE0349001BA5C4 /* PBXTargetDependency */,
			);
			name = BogusTVUITests;
			productName = BogusTVUITests;
			productReference = 7A6E9EA325BE0349001BA5C4 /* BogusTVUITests.xctest */;
			productType = "com.apple.product-type.bundle.ui-testing";
		};
/* End PBXNativeTarget section */

/* Begin PBXProject section */
		7A6E9E7C25BE0348001BA5C4 /* Project object */ = {
			isa = PBXProject;
			attributes = {
				LastSwiftUpdateCheck = 1230;
				LastUpgradeCheck = 1230;
				TargetAttributes = {
					7A6E9E8325BE0348001BA5C4 = {
						CreatedOnToolsVersion = 12.3;
					};
					7A6E9E9725BE0348001BA5C4 = {
						CreatedOnToolsVersion = 12.3;
						TestTargetID = 7A6E9E8325BE0348001BA5C4;
					};
					7A6E9EA225BE0349001BA5C4 = {
						CreatedOnToolsVersion = 12.3;
						TestTargetID = 7A6E9E8325BE0348001BA5C4;
					};
				};
			};
			buildConfigurationList = 7A6E9E7F25BE0348001BA5C4 /* Build configuration list for PBXProject "BogusTV" */;
			compatibilityVersion = "Xcode 9.3";
			developmentRegion = en;
			hasScannedForEncodings = 0;
			knownRegions = (
				en,
				Base,
			);
			mainGroup = 7A6E9E7B25BE0348001BA5C4;
			packageReferences = (
				7A541C9425BE235600DB5FC2 /* XCRemoteSwiftPackageReference "BogusApp-Common-UIComponents" */,
			);
			productRefGroup = 7A6E9E8525BE0348001BA5C4 /* Products */;
			projectDirPath = "";
			projectRoot = "";
			targets = (
				7A6E9E8325BE0348001BA5C4 /* BogusTV */,
				7A6E9E9725BE0348001BA5C4 /* BogusTVTests */,
				7A6E9EA225BE0349001BA5C4 /* BogusTVUITests */,
			);
		};
/* End PBXProject section */

/* Begin PBXResourcesBuildPhase section */
		7A6E9E8225BE0348001BA5C4 /* Resources */ = {
			isa = PBXResourcesBuildPhase;
			buildActionMask = 2147483647;
			files = (
				7A6E9E9225BE0348001BA5C4 /* LaunchScreen.storyboard in Resources */,
				7A6E9E8F25BE0348001BA5C4 /* Assets.xcassets in Resources */,
				7A6E9E8D25BE0348001BA5C4 /* Main.storyboard in Resources */,
			);
			runOnlyForDeploymentPostprocessing = 0;
		};
		7A6E9E9625BE0348001BA5C4 /* Resources */ = {
			isa = PBXResourcesBuildPhase;
			buildActionMask = 2147483647;
			files = (
			);
			runOnlyForDeploymentPostprocessing = 0;
		};
		7A6E9EA125BE0349001BA5C4 /* Resources */ = {
			isa = PBXResourcesBuildPhase;
			buildActionMask = 2147483647;
			files = (
			);
			runOnlyForDeploymentPostprocessing = 0;
		};
/* End PBXResourcesBuildPhase section */

/* Begin PBXSourcesBuildPhase section */
		7A6E9E8025BE0348001BA5C4 /* Sources */ = {
			isa = PBXSourcesBuildPhase;
			buildActionMask = 2147483647;
			files = (
				7A541C7B25BE21E200DB5FC2 /* AppFlowCoordinator.swift in Sources */,
				7A6E9E8825BE0348001BA5C4 /* AppDelegate.swift in Sources */,
			);
			runOnlyForDeploymentPostprocessing = 0;
		};
		7A6E9E9425BE0348001BA5C4 /* Sources */ = {
			isa = PBXSourcesBuildPhase;
			buildActionMask = 2147483647;
			files = (
				7A6E9E9D25BE0348001BA5C4 /* BogusTVTests.swift in Sources */,
			);
			runOnlyForDeploymentPostprocessing = 0;
		};
		7A6E9E9F25BE0349001BA5C4 /* Sources */ = {
			isa = PBXSourcesBuildPhase;
			buildActionMask = 2147483647;
			files = (
				7A6E9EA825BE0349001BA5C4 /* BogusTVUITests.swift in Sources */,
			);
			runOnlyForDeploymentPostprocessing = 0;
		};
/* End PBXSourcesBuildPhase section */

/* Begin PBXTargetDependency section */
		7A6E9E9A25BE0348001BA5C4 /* PBXTargetDependency */ = {
			isa = PBXTargetDependency;
			target = 7A6E9E8325BE0348001BA5C4 /* BogusTV */;
			targetProxy = 7A6E9E9925BE0348001BA5C4 /* PBXContainerItemProxy */;
		};
		7A6E9EA525BE0349001BA5C4 /* PBXTargetDependency */ = {
			isa = PBXTargetDependency;
			target = 7A6E9E8325BE0348001BA5C4 /* BogusTV */;
			targetProxy = 7A6E9EA425BE0349001BA5C4 /* PBXContainerItemProxy */;
		};
/* End PBXTargetDependency section */

/* Begin PBXVariantGroup section */
		7A6E9E8B25BE0348001BA5C4 /* Main.storyboard */ = {
			isa = PBXVariantGroup;
			children = (
				7A6E9E8C25BE0348001BA5C4 /* Base */,
			);
			name = Main.storyboard;
			sourceTree = "<group>";
		};
		7A6E9E9025BE0348001BA5C4 /* LaunchScreen.storyboard */ = {
			isa = PBXVariantGroup;
			children = (
				7A6E9E9125BE0348001BA5C4 /* Base */,
			);
			name = LaunchScreen.storyboard;
			sourceTree = "<group>";
		};
/* End PBXVariantGroup section */

/* Begin XCBuildConfiguration section */
		7A6E9EAA25BE0349001BA5C4 /* Debug */ = {
			isa = XCBuildConfiguration;
			buildSettings = {
				ALWAYS_SEARCH_USER_PATHS = NO;
				CLANG_ANALYZER_NONNULL = YES;
				CLANG_ANALYZER_NUMBER_OBJECT_CONVERSION = YES_AGGRESSIVE;
				CLANG_CXX_LANGUAGE_STANDARD = "gnu++14";
				CLANG_CXX_LIBRARY = "libc++";
				CLANG_ENABLE_MODULES = YES;
				CLANG_ENABLE_OBJC_ARC = YES;
				CLANG_ENABLE_OBJC_WEAK = YES;
				CLANG_WARN_BLOCK_CAPTURE_AUTORELEASING = YES;
				CLANG_WARN_BOOL_CONVERSION = YES;
				CLANG_WARN_COMMA = YES;
				CLANG_WARN_CONSTANT_CONVERSION = YES;
				CLANG_WARN_DEPRECATED_OBJC_IMPLEMENTATIONS = YES;
				CLANG_WARN_DIRECT_OBJC_ISA_USAGE = YES_ERROR;
				CLANG_WARN_DOCUMENTATION_COMMENTS = YES;
				CLANG_WARN_EMPTY_BODY = YES;
				CLANG_WARN_ENUM_CONVERSION = YES;
				CLANG_WARN_INFINITE_RECURSION = YES;
				CLANG_WARN_INT_CONVERSION = YES;
				CLANG_WARN_NON_LITERAL_NULL_CONVERSION = YES;
				CLANG_WARN_OBJC_IMPLICIT_RETAIN_SELF = YES;
				CLANG_WARN_OBJC_LITERAL_CONVERSION = YES;
				CLANG_WARN_OBJC_ROOT_CLASS = YES_ERROR;
				CLANG_WARN_QUOTED_INCLUDE_IN_FRAMEWORK_HEADER = YES;
				CLANG_WARN_RANGE_LOOP_ANALYSIS = YES;
				CLANG_WARN_STRICT_PROTOTYPES = YES;
				CLANG_WARN_SUSPICIOUS_MOVE = YES;
				CLANG_WARN_UNGUARDED_AVAILABILITY = YES_AGGRESSIVE;
				CLANG_WARN_UNREACHABLE_CODE = YES;
				CLANG_WARN__DUPLICATE_METHOD_MATCH = YES;
				COPY_PHASE_STRIP = NO;
				DEBUG_INFORMATION_FORMAT = dwarf;
				ENABLE_STRICT_OBJC_MSGSEND = YES;
				ENABLE_TESTABILITY = YES;
				GCC_C_LANGUAGE_STANDARD = gnu11;
				GCC_DYNAMIC_NO_PIC = NO;
				GCC_NO_COMMON_BLOCKS = YES;
				GCC_OPTIMIZATION_LEVEL = 0;
				GCC_PREPROCESSOR_DEFINITIONS = (
					"DEBUG=1",
					"$(inherited)",
				);
				GCC_WARN_64_TO_32_BIT_CONVERSION = YES;
				GCC_WARN_ABOUT_RETURN_TYPE = YES_ERROR;
				GCC_WARN_UNDECLARED_SELECTOR = YES;
				GCC_WARN_UNINITIALIZED_AUTOS = YES_AGGRESSIVE;
				GCC_WARN_UNUSED_FUNCTION = YES;
				GCC_WARN_UNUSED_VARIABLE = YES;
				MTL_ENABLE_DEBUG_INFO = INCLUDE_SOURCE;
				MTL_FAST_MATH = YES;
				ONLY_ACTIVE_ARCH = YES;
				SDKROOT = appletvos;
				SWIFT_ACTIVE_COMPILATION_CONDITIONS = DEBUG;
				SWIFT_OPTIMIZATION_LEVEL = "-Onone";
				TVOS_DEPLOYMENT_TARGET = 13.0;
			};
			name = Debug;
		};
		7A6E9EAB25BE0349001BA5C4 /* Release */ = {
			isa = XCBuildConfiguration;
			buildSettings = {
				ALWAYS_SEARCH_USER_PATHS = NO;
				CLANG_ANALYZER_NONNULL = YES;
				CLANG_ANALYZER_NUMBER_OBJECT_CONVERSION = YES_AGGRESSIVE;
				CLANG_CXX_LANGUAGE_STANDARD = "gnu++14";
				CLANG_CXX_LIBRARY = "libc++";
				CLANG_ENABLE_MODULES = YES;
				CLANG_ENABLE_OBJC_ARC = YES;
				CLANG_ENABLE_OBJC_WEAK = YES;
				CLANG_WARN_BLOCK_CAPTURE_AUTORELEASING = YES;
				CLANG_WARN_BOOL_CONVERSION = YES;
				CLANG_WARN_COMMA = YES;
				CLANG_WARN_CONSTANT_CONVERSION = YES;
				CLANG_WARN_DEPRECATED_OBJC_IMPLEMENTATIONS = YES;
				CLANG_WARN_DIRECT_OBJC_ISA_USAGE = YES_ERROR;
				CLANG_WARN_DOCUMENTATION_COMMENTS = YES;
				CLANG_WARN_EMPTY_BODY = YES;
				CLANG_WARN_ENUM_CONVERSION = YES;
				CLANG_WARN_INFINITE_RECURSION = YES;
				CLANG_WARN_INT_CONVERSION = YES;
				CLANG_WARN_NON_LITERAL_NULL_CONVERSION = YES;
				CLANG_WARN_OBJC_IMPLICIT_RETAIN_SELF = YES;
				CLANG_WARN_OBJC_LITERAL_CONVERSION = YES;
				CLANG_WARN_OBJC_ROOT_CLASS = YES_ERROR;
				CLANG_WARN_QUOTED_INCLUDE_IN_FRAMEWORK_HEADER = YES;
				CLANG_WARN_RANGE_LOOP_ANALYSIS = YES;
				CLANG_WARN_STRICT_PROTOTYPES = YES;
				CLANG_WARN_SUSPICIOUS_MOVE = YES;
				CLANG_WARN_UNGUARDED_AVAILABILITY = YES_AGGRESSIVE;
				CLANG_WARN_UNREACHABLE_CODE = YES;
				CLANG_WARN__DUPLICATE_METHOD_MATCH = YES;
				COPY_PHASE_STRIP = NO;
				DEBUG_INFORMATION_FORMAT = "dwarf-with-dsym";
				ENABLE_NS_ASSERTIONS = NO;
				ENABLE_STRICT_OBJC_MSGSEND = YES;
				GCC_C_LANGUAGE_STANDARD = gnu11;
				GCC_NO_COMMON_BLOCKS = YES;
				GCC_WARN_64_TO_32_BIT_CONVERSION = YES;
				GCC_WARN_ABOUT_RETURN_TYPE = YES_ERROR;
				GCC_WARN_UNDECLARED_SELECTOR = YES;
				GCC_WARN_UNINITIALIZED_AUTOS = YES_AGGRESSIVE;
				GCC_WARN_UNUSED_FUNCTION = YES;
				GCC_WARN_UNUSED_VARIABLE = YES;
				MTL_ENABLE_DEBUG_INFO = NO;
				MTL_FAST_MATH = YES;
				SDKROOT = appletvos;
				SWIFT_COMPILATION_MODE = wholemodule;
				SWIFT_OPTIMIZATION_LEVEL = "-O";
				TVOS_DEPLOYMENT_TARGET = 13.0;
				VALIDATE_PRODUCT = YES;
			};
			name = Release;
		};
		7A6E9EAD25BE0349001BA5C4 /* Debug */ = {
			isa = XCBuildConfiguration;
			buildSettings = {
				ASSETCATALOG_COMPILER_APPICON_NAME = "App Icon & Top Shelf Image";
				ASSETCATALOG_COMPILER_GLOBAL_ACCENT_COLOR_NAME = AccentColor;
				CODE_SIGN_STYLE = Automatic;
				DEVELOPMENT_TEAM = 2S2RSVRNML;
				INFOPLIST_FILE = "BogusTV/Supporting Files/Info.plist";
				LD_RUNPATH_SEARCH_PATHS = (
					"$(inherited)",
					"@executable_path/Frameworks",
				);
				PRODUCT_BUNDLE_IDENTIFIER = ro.iliemarius.BogusTV;
				PRODUCT_NAME = "$(TARGET_NAME)";
				SWIFT_VERSION = 5.0;
				TARGETED_DEVICE_FAMILY = 3;
			};
			name = Debug;
		};
		7A6E9EAE25BE0349001BA5C4 /* Release */ = {
			isa = XCBuildConfiguration;
			buildSettings = {
				ASSETCATALOG_COMPILER_APPICON_NAME = "App Icon & Top Shelf Image";
				ASSETCATALOG_COMPILER_GLOBAL_ACCENT_COLOR_NAME = AccentColor;
				CODE_SIGN_STYLE = Automatic;
				DEVELOPMENT_TEAM = 2S2RSVRNML;
				INFOPLIST_FILE = "BogusTV/Supporting Files/Info.plist";
				LD_RUNPATH_SEARCH_PATHS = (
					"$(inherited)",
					"@executable_path/Frameworks",
				);
				PRODUCT_BUNDLE_IDENTIFIER = ro.iliemarius.BogusTV;
				PRODUCT_NAME = "$(TARGET_NAME)";
				SWIFT_VERSION = 5.0;
				TARGETED_DEVICE_FAMILY = 3;
			};
			name = Release;
		};
		7A6E9EB025BE0349001BA5C4 /* Debug */ = {
			isa = XCBuildConfiguration;
			buildSettings = {
				ALWAYS_EMBED_SWIFT_STANDARD_LIBRARIES = YES;
				BUNDLE_LOADER = "$(TEST_HOST)";
				CODE_SIGN_STYLE = Automatic;
				DEVELOPMENT_TEAM = 2S2RSVRNML;
				INFOPLIST_FILE = BogusTVTests/Info.plist;
				LD_RUNPATH_SEARCH_PATHS = (
					"$(inherited)",
					"@executable_path/Frameworks",
					"@loader_path/Frameworks",
				);
				PRODUCT_BUNDLE_IDENTIFIER = ro.iliemarius.BogusTVTests;
				PRODUCT_NAME = "$(TARGET_NAME)";
				SWIFT_VERSION = 5.0;
				TARGETED_DEVICE_FAMILY = 3;
				TEST_HOST = "$(BUILT_PRODUCTS_DIR)/BogusTV.app/BogusTV";
			};
			name = Debug;
		};
		7A6E9EB125BE0349001BA5C4 /* Release */ = {
			isa = XCBuildConfiguration;
			buildSettings = {
				ALWAYS_EMBED_SWIFT_STANDARD_LIBRARIES = YES;
				BUNDLE_LOADER = "$(TEST_HOST)";
				CODE_SIGN_STYLE = Automatic;
				DEVELOPMENT_TEAM = 2S2RSVRNML;
				INFOPLIST_FILE = BogusTVTests/Info.plist;
				LD_RUNPATH_SEARCH_PATHS = (
					"$(inherited)",
					"@executable_path/Frameworks",
					"@loader_path/Frameworks",
				);
				PRODUCT_BUNDLE_IDENTIFIER = ro.iliemarius.BogusTVTests;
				PRODUCT_NAME = "$(TARGET_NAME)";
				SWIFT_VERSION = 5.0;
				TARGETED_DEVICE_FAMILY = 3;
				TEST_HOST = "$(BUILT_PRODUCTS_DIR)/BogusTV.app/BogusTV";
			};
			name = Release;
		};
		7A6E9EB325BE0349001BA5C4 /* Debug */ = {
			isa = XCBuildConfiguration;
			buildSettings = {
				ALWAYS_EMBED_SWIFT_STANDARD_LIBRARIES = YES;
				CODE_SIGN_STYLE = Automatic;
				DEVELOPMENT_TEAM = 2S2RSVRNML;
				INFOPLIST_FILE = BogusTVUITests/Info.plist;
				LD_RUNPATH_SEARCH_PATHS = (
					"$(inherited)",
					"@executable_path/Frameworks",
					"@loader_path/Frameworks",
				);
				PRODUCT_BUNDLE_IDENTIFIER = ro.iliemarius.BogusTVUITests;
				PRODUCT_NAME = "$(TARGET_NAME)";
				SWIFT_VERSION = 5.0;
				TARGETED_DEVICE_FAMILY = 3;
				TEST_TARGET_NAME = BogusTV;
			};
			name = Debug;
		};
		7A6E9EB425BE0349001BA5C4 /* Release */ = {
			isa = XCBuildConfiguration;
			buildSettings = {
				ALWAYS_EMBED_SWIFT_STANDARD_LIBRARIES = YES;
				CODE_SIGN_STYLE = Automatic;
				DEVELOPMENT_TEAM = 2S2RSVRNML;
				INFOPLIST_FILE = BogusTVUITests/Info.plist;
				LD_RUNPATH_SEARCH_PATHS = (
					"$(inherited)",
					"@executable_path/Frameworks",
					"@loader_path/Frameworks",
				);
				PRODUCT_BUNDLE_IDENTIFIER = ro.iliemarius.BogusTVUITests;
				PRODUCT_NAME = "$(TARGET_NAME)";
				SWIFT_VERSION = 5.0;
				TARGETED_DEVICE_FAMILY = 3;
				TEST_TARGET_NAME = BogusTV;
			};
			name = Release;
		};
/* End XCBuildConfiguration section */

/* Begin XCConfigurationList section */
		7A6E9E7F25BE0348001BA5C4 /* Build configuration list for PBXProject "BogusTV" */ = {
			isa = XCConfigurationList;
			buildConfigurations = (
				7A6E9EAA25BE0349001BA5C4 /* Debug */,
				7A6E9EAB25BE0349001BA5C4 /* Release */,
			);
			defaultConfigurationIsVisible = 0;
			defaultConfigurationName = Release;
		};
		7A6E9EAC25BE0349001BA5C4 /* Build configuration list for PBXNativeTarget "BogusTV" */ = {
			isa = XCConfigurationList;
			buildConfigurations = (
				7A6E9EAD25BE0349001BA5C4 /* Debug */,
				7A6E9EAE25BE0349001BA5C4 /* Release */,
			);
			defaultConfigurationIsVisible = 0;
			defaultConfigurationName = Release;
		};
		7A6E9EAF25BE0349001BA5C4 /* Build configuration list for PBXNativeTarget "BogusTVTests" */ = {
			isa = XCConfigurationList;
			buildConfigurations = (
				7A6E9EB025BE0349001BA5C4 /* Debug */,
				7A6E9EB125BE0349001BA5C4 /* Release */,
			);
			defaultConfigurationIsVisible = 0;
			defaultConfigurationName = Release;
		};
		7A6E9EB225BE0349001BA5C4 /* Build configuration list for PBXNativeTarget "BogusTVUITests" */ = {
			isa = XCConfigurationList;
			buildConfigurations = (
				7A6E9EB325BE0349001BA5C4 /* Debug */,
				7A6E9EB425BE0349001BA5C4 /* Release */,
			);
			defaultConfigurationIsVisible = 0;
			defaultConfigurationName = Release;
		};
/* End XCConfigurationList section */

/* Begin XCRemoteSwiftPackageReference section */
		7A541C9425BE235600DB5FC2 /* XCRemoteSwiftPackageReference "BogusApp-Common-UIComponents" */ = {
			isa = XCRemoteSwiftPackageReference;
			repositoryURL = "../Common/BogusApp-Common-UIComponents";
			requirement = {
				branch = master;
				kind = branch;
			};
		};
/* End XCRemoteSwiftPackageReference section */

/* Begin XCSwiftPackageProductDependency section */
		7A541C9525BE235600DB5FC2 /* BogusApp-Common-UIComponents-tvOS */ = {
			isa = XCSwiftPackageProductDependency;
			package = 7A541C9425BE235600DB5FC2 /* XCRemoteSwiftPackageReference "BogusApp-Common-UIComponents" */;
			productName = "BogusApp-Common-UIComponents-tvOS";
		};
/* End XCSwiftPackageProductDependency section */
	};
	rootObject = 7A6E9E7C25BE0348001BA5C4 /* Project object */;
}
